{
  "version": 4,
  "terraform_version": "1.5.7",
  "serial": 3,
  "lineage": "aad3c333-26f3-3f15-25ce-bca77bc84bdb",
  "outputs": {},
  "resources": [
    {
      "mode": "managed",
      "type": "kafka_acl",
      "name": "test",
      "provider": "provider[\"registry.terraform.io/mongey/kafka\"]",
      "instances": [
        {
          "schema_version": 1,
          "attributes": {
            "acl_host": "*",
            "acl_operation": "Write",
            "acl_permission_type": "Deny",
            "acl_principal": "User:Alice",
            "id": "User:Alice|*|Write|Deny|Topic|syslog|Literal",
            "resource_name": "syslog",
            "resource_pattern_type_filter": "Literal",
            "resource_type": "Topic"
          },
          "sensitive_attributes": [],
          "private": "eyJzY2hlbWFfdmVyc2lvbiI6IjEifQ=="
        }
      ]
    }
  ],
  "check_results": null
}
